// !$*UTF8*$!
{
	archiveVersion = 1;
	classes = {
	};
	objectVersion = 50;
	objects = {

/* Begin PBXBuildFile section */
		0D15A00324C39EC100FF687F /* QuoteTableViewCell.swift in Sources */ = {isa = PBXBuildFile; fileRef = 0D15A00224C39EC100FF687F /* QuoteTableViewCell.swift */; };
		0D48450424C260ED0025F1FF /* UIView.swift in Sources */ = {isa = PBXBuildFile; fileRef = 0D48450324C260ED0025F1FF /* UIView.swift */; };
		0D48450A24C26AE50025F1FF /* CustomYoNewsViewController.swift in Sources */ = {isa = PBXBuildFile; fileRef = 0D48450924C26AE50025F1FF /* CustomYoNewsViewController.swift */; };
		0D48450C24C26B100025F1FF /* YoNewsNavigationController.swift in Sources */ = {isa = PBXBuildFile; fileRef = 0D48450B24C26B100025F1FF /* YoNewsNavigationController.swift */; };
		0D77B82F24B388B500CB28BA /* AppDelegate.swift in Sources */ = {isa = PBXBuildFile; fileRef = 0D77B82E24B388B500CB28BA /* AppDelegate.swift */; };
		0D77B83124B388B500CB28BA /* SceneDelegate.swift in Sources */ = {isa = PBXBuildFile; fileRef = 0D77B83024B388B500CB28BA /* SceneDelegate.swift */; };
		0D77B83324B388B500CB28BA /* MainViewController.swift in Sources */ = {isa = PBXBuildFile; fileRef = 0D77B83224B388B500CB28BA /* MainViewController.swift */; };
		0D77B83824B388B700CB28BA /* Assets.xcassets in Resources */ = {isa = PBXBuildFile; fileRef = 0D77B83724B388B700CB28BA /* Assets.xcassets */; };
		0D77B83B24B388B700CB28BA /* LaunchScreen.storyboard in Resources */ = {isa = PBXBuildFile; fileRef = 0D77B83924B388B700CB28BA /* LaunchScreen.storyboard */; };
		0D77B84624B388B700CB28BA /* NewsAppTests.swift in Sources */ = {isa = PBXBuildFile; fileRef = 0D77B84524B388B700CB28BA /* NewsAppTests.swift */; };
		0D77B85224B38E8D00CB28BA /* News+Article.swift in Sources */ = {isa = PBXBuildFile; fileRef = 0D77B85124B38E8D00CB28BA /* News+Article.swift */; };
		0D77B85624B393A100CB28BA /* NewsTableViewCell.swift in Sources */ = {isa = PBXBuildFile; fileRef = 0D77B85524B393A100CB28BA /* NewsTableViewCell.swift */; };
		0D77B85924B3C14400CB28BA /* NewViewModel.swift in Sources */ = {isa = PBXBuildFile; fileRef = 0D77B85824B3C14400CB28BA /* NewViewModel.swift */; };
		0D77B85B24B3C16400CB28BA /* Networking.swift in Sources */ = {isa = PBXBuildFile; fileRef = 0D77B85A24B3C16400CB28BA /* Networking.swift */; };
		0D77B85D24B3C22400CB28BA /* NewsViewModelType.swift in Sources */ = {isa = PBXBuildFile; fileRef = 0D77B85C24B3C22400CB28BA /* NewsViewModelType.swift */; };
		0D77B85F24B3C4D500CB28BA /* DataServiceNews.swift in Sources */ = {isa = PBXBuildFile; fileRef = 0D77B85E24B3C4D500CB28BA /* DataServiceNews.swift */; };
		0D77B86124B3D71D00CB28BA /* Box.swift in Sources */ = {isa = PBXBuildFile; fileRef = 0D77B86024B3D71D00CB28BA /* Box.swift */; };
		0D77B86524B3F6EF00CB28BA /* DetailViewController.swift in Sources */ = {isa = PBXBuildFile; fileRef = 0D77B86424B3F6EF00CB28BA /* DetailViewController.swift */; };
		0D77B86824B3FC3C00CB28BA /* ViewController.swift in Sources */ = {isa = PBXBuildFile; fileRef = 0D77B86724B3FC3C00CB28BA /* ViewController.swift */; };
/* End PBXBuildFile section */

/* Begin PBXContainerItemProxy section */
		0D77B84224B388B700CB28BA /* PBXContainerItemProxy */ = {
			isa = PBXContainerItemProxy;
			containerPortal = 0D77B82324B388B500CB28BA /* Project object */;
			proxyType = 1;
			remoteGlobalIDString = 0D77B82A24B388B500CB28BA;
			remoteInfo = NewsApp;
		};
/* End PBXContainerItemProxy section */

/* Begin PBXFileReference section */
		0D15A00224C39EC100FF687F /* QuoteTableViewCell.swift */ = {isa = PBXFileReference; lastKnownFileType = sourcecode.swift; path = QuoteTableViewCell.swift; sourceTree = "<group>"; };
		0D48450324C260ED0025F1FF /* UIView.swift */ = {isa = PBXFileReference; lastKnownFileType = sourcecode.swift; path = UIView.swift; sourceTree = "<group>"; };
		0D48450924C26AE50025F1FF /* CustomYoNewsViewController.swift */ = {isa = PBXFileReference; lastKnownFileType = sourcecode.swift; path = CustomYoNewsViewController.swift; sourceTree = "<group>"; };
		0D48450B24C26B100025F1FF /* YoNewsNavigationController.swift */ = {isa = PBXFileReference; fileEncoding = 4; lastKnownFileType = sourcecode.swift; path = YoNewsNavigationController.swift; sourceTree = "<group>"; };
		0D77B82B24B388B500CB28BA /* Yo!News.app */ = {isa = PBXFileReference; explicitFileType = wrapper.application; includeInIndex = 0; path = "Yo!News.app"; sourceTree = BUILT_PRODUCTS_DIR; };
		0D77B82E24B388B500CB28BA /* AppDelegate.swift */ = {isa = PBXFileReference; lastKnownFileType = sourcecode.swift; path = AppDelegate.swift; sourceTree = "<group>"; };
		0D77B83024B388B500CB28BA /* SceneDelegate.swift */ = {isa = PBXFileReference; lastKnownFileType = sourcecode.swift; path = SceneDelegate.swift; sourceTree = "<group>"; };
		0D77B83224B388B500CB28BA /* MainViewController.swift */ = {isa = PBXFileReference; lastKnownFileType = sourcecode.swift; path = MainViewController.swift; sourceTree = "<group>"; };
		0D77B83724B388B700CB28BA /* Assets.xcassets */ = {isa = PBXFileReference; lastKnownFileType = folder.assetcatalog; path = Assets.xcassets; sourceTree = "<group>"; };
		0D77B83A24B388B700CB28BA /* Base */ = {isa = PBXFileReference; lastKnownFileType = file.storyboard; name = Base; path = Base.lproj/LaunchScreen.storyboard; sourceTree = "<group>"; };
		0D77B83C24B388B700CB28BA /* Info.plist */ = {isa = PBXFileReference; lastKnownFileType = text.plist.xml; path = Info.plist; sourceTree = "<group>"; };
		0D77B84124B388B700CB28BA /* NewsAppTests.xctest */ = {isa = PBXFileReference; explicitFileType = wrapper.cfbundle; includeInIndex = 0; path = NewsAppTests.xctest; sourceTree = BUILT_PRODUCTS_DIR; };
		0D77B84524B388B700CB28BA /* NewsAppTests.swift */ = {isa = PBXFileReference; lastKnownFileType = sourcecode.swift; path = NewsAppTests.swift; sourceTree = "<group>"; };
		0D77B84724B388B700CB28BA /* Info.plist */ = {isa = PBXFileReference; lastKnownFileType = text.plist.xml; path = Info.plist; sourceTree = "<group>"; };
		0D77B85124B38E8D00CB28BA /* News+Article.swift */ = {isa = PBXFileReference; lastKnownFileType = sourcecode.swift; path = "News+Article.swift"; sourceTree = "<group>"; };
		0D77B85524B393A100CB28BA /* NewsTableViewCell.swift */ = {isa = PBXFileReference; lastKnownFileType = sourcecode.swift; path = NewsTableViewCell.swift; sourceTree = "<group>"; };
		0D77B85824B3C14400CB28BA /* NewViewModel.swift */ = {isa = PBXFileReference; lastKnownFileType = sourcecode.swift; path = NewViewModel.swift; sourceTree = "<group>"; };
		0D77B85A24B3C16400CB28BA /* Networking.swift */ = {isa = PBXFileReference; lastKnownFileType = sourcecode.swift; path = Networking.swift; sourceTree = "<group>"; };
		0D77B85C24B3C22400CB28BA /* NewsViewModelType.swift */ = {isa = PBXFileReference; lastKnownFileType = sourcecode.swift; path = NewsViewModelType.swift; sourceTree = "<group>"; };
		0D77B85E24B3C4D500CB28BA /* DataServiceNews.swift */ = {isa = PBXFileReference; lastKnownFileType = sourcecode.swift; path = DataServiceNews.swift; sourceTree = "<group>"; };
		0D77B86024B3D71D00CB28BA /* Box.swift */ = {isa = PBXFileReference; lastKnownFileType = sourcecode.swift; path = Box.swift; sourceTree = "<group>"; };
		0D77B86424B3F6EF00CB28BA /* DetailViewController.swift */ = {isa = PBXFileReference; lastKnownFileType = sourcecode.swift; path = DetailViewController.swift; sourceTree = "<group>"; };
		0D77B86724B3FC3C00CB28BA /* ViewController.swift */ = {isa = PBXFileReference; lastKnownFileType = sourcecode.swift; path = ViewController.swift; sourceTree = "<group>"; };
/* End PBXFileReference section */

/* Begin PBXFrameworksBuildPhase section */
		0D77B82824B388B500CB28BA /* Frameworks */ = {
			isa = PBXFrameworksBuildPhase;
			buildActionMask = 2147483647;
			files = (
			);
			runOnlyForDeploymentPostprocessing = 0;
		};
		0D77B83E24B388B700CB28BA /* Frameworks */ = {
			isa = PBXFrameworksBuildPhase;
			buildActionMask = 2147483647;
			files = (
			);
			runOnlyForDeploymentPostprocessing = 0;
		};
/* End PBXFrameworksBuildPhase section */

/* Begin PBXGroup section */
		0D48450524C263A50025F1FF /* Controller */ = {
			isa = PBXGroup;
			children = (
				0D48450D24C26B130025F1FF /* NavigationController */,
				0D77B86424B3F6EF00CB28BA /* DetailViewController.swift */,
				0D77B83224B388B500CB28BA /* MainViewController.swift */,
				0D48450924C26AE50025F1FF /* CustomYoNewsViewController.swift */,
			);
			path = Controller;
			sourceTree = "<group>";
		};
		0D48450D24C26B130025F1FF /* NavigationController */ = {
			isa = PBXGroup;
			children = (
				0D48450B24C26B100025F1FF /* YoNewsNavigationController.swift */,
			);
			path = NavigationController;
			sourceTree = "<group>";
		};
		0D77B82224B388B400CB28BA = {
			isa = PBXGroup;
			children = (
				0D77B82D24B388B500CB28BA /* NewsApp */,
				0D77B84424B388B700CB28BA /* NewsAppTests */,
				0D77B82C24B388B500CB28BA /* Products */,
			);
			sourceTree = "<group>";
		};
		0D77B82C24B388B500CB28BA /* Products */ = {
			isa = PBXGroup;
			children = (
				0D77B82B24B388B500CB28BA /* Yo!News.app */,
				0D77B84124B388B700CB28BA /* NewsAppTests.xctest */,
			);
			name = Products;
			sourceTree = "<group>";
		};
		0D77B82D24B388B500CB28BA /* NewsApp */ = {
			isa = PBXGroup;
			children = (
				0D77B86024B3D71D00CB28BA /* Box.swift */,
				0D77B85324B38F6000CB28BA /* Networking */,
				0D77B85024B38E1300CB28BA /* Model */,
				0D77B86624B3FC1D00CB28BA /* Extension */,
				0D77B85724B3942F00CB28BA /* ViewModel */,
				0D77B85424B3938100CB28BA /* View */,
				0D48450524C263A50025F1FF /* Controller */,
				0D77B82E24B388B500CB28BA /* AppDelegate.swift */,
				0D77B83024B388B500CB28BA /* SceneDelegate.swift */,
				0D77B83724B388B700CB28BA /* Assets.xcassets */,
				0D77B83924B388B700CB28BA /* LaunchScreen.storyboard */,
				0D77B83C24B388B700CB28BA /* Info.plist */,
			);
			path = NewsApp;
			sourceTree = "<group>";
		};
		0D77B84424B388B700CB28BA /* NewsAppTests */ = {
			isa = PBXGroup;
			children = (
				0D77B84524B388B700CB28BA /* NewsAppTests.swift */,
				0D77B84724B388B700CB28BA /* Info.plist */,
			);
			path = NewsAppTests;
			sourceTree = "<group>";
		};
		0D77B85024B38E1300CB28BA /* Model */ = {
			isa = PBXGroup;
			children = (
				0D77B85124B38E8D00CB28BA /* News+Article.swift */,
			);
			path = Model;
			sourceTree = "<group>";
		};
		0D77B85324B38F6000CB28BA /* Networking */ = {
			isa = PBXGroup;
			children = (
				0D77B85A24B3C16400CB28BA /* Networking.swift */,
				0D77B85E24B3C4D500CB28BA /* DataServiceNews.swift */,
			);
			path = Networking;
			sourceTree = "<group>";
		};
		0D77B85424B3938100CB28BA /* View */ = {
			isa = PBXGroup;
			children = (
				0D77B85524B393A100CB28BA /* NewsTableViewCell.swift */,
				0D15A00224C39EC100FF687F /* QuoteTableViewCell.swift */,
			);
			path = View;
			sourceTree = "<group>";
		};
		0D77B85724B3942F00CB28BA /* ViewModel */ = {
			isa = PBXGroup;
			children = (
				0D77B85824B3C14400CB28BA /* NewViewModel.swift */,
				0D77B85C24B3C22400CB28BA /* NewsViewModelType.swift */,
			);
			path = ViewModel;
			sourceTree = "<group>";
		};
		0D77B86624B3FC1D00CB28BA /* Extension */ = {
			isa = PBXGroup;
			children = (
				0D77B86724B3FC3C00CB28BA /* ViewController.swift */,
				0D48450324C260ED0025F1FF /* UIView.swift */,
			);
			path = Extension;
			sourceTree = "<group>";
		};
/* End PBXGroup section */

/* Begin PBXNativeTarget section */
		0D77B82A24B388B500CB28BA /* NewsApp */ = {
			isa = PBXNativeTarget;
			buildConfigurationList = 0D77B84A24B388B700CB28BA /* Build configuration list for PBXNativeTarget "NewsApp" */;
			buildPhases = (
				0D77B82724B388B500CB28BA /* Sources */,
				0D77B82824B388B500CB28BA /* Frameworks */,
				0D77B82924B388B500CB28BA /* Resources */,
			);
			buildRules = (
			);
			dependencies = (
			);
			name = NewsApp;
			productName = NewsApp;
			productReference = 0D77B82B24B388B500CB28BA /* Yo!News.app */;
			productType = "com.apple.product-type.application";
		};
		0D77B84024B388B700CB28BA /* NewsAppTests */ = {
			isa = PBXNativeTarget;
			buildConfigurationList = 0D77B84D24B388B700CB28BA /* Build configuration list for PBXNativeTarget "NewsAppTests" */;
			buildPhases = (
				0D77B83D24B388B700CB28BA /* Sources */,
				0D77B83E24B388B700CB28BA /* Frameworks */,
				0D77B83F24B388B700CB28BA /* Resources */,
			);
			buildRules = (
			);
			dependencies = (
				0D77B84324B388B700CB28BA /* PBXTargetDependency */,
			);
			name = NewsAppTests;
			productName = NewsAppTests;
			productReference = 0D77B84124B388B700CB28BA /* NewsAppTests.xctest */;
			productType = "com.apple.product-type.bundle.unit-test";
		};
/* End PBXNativeTarget section */

/* Begin PBXProject section */
		0D77B82324B388B500CB28BA /* Project object */ = {
			isa = PBXProject;
			attributes = {
				LastSwiftUpdateCheck = 1150;
				LastUpgradeCheck = 1150;
				ORGANIZATIONNAME = "Aminjoni Abdullozoda";
				TargetAttributes = {
					0D77B82A24B388B500CB28BA = {
						CreatedOnToolsVersion = 11.5;
					};
					0D77B84024B388B700CB28BA = {
						CreatedOnToolsVersion = 11.5;
						TestTargetID = 0D77B82A24B388B500CB28BA;
					};
				};
			};
			buildConfigurationList = 0D77B82624B388B500CB28BA /* Build configuration list for PBXProject "NewsApp" */;
			compatibilityVersion = "Xcode 9.3";
			developmentRegion = en;
			hasScannedForEncodings = 0;
			knownRegions = (
				en,
				Base,
			);
			mainGroup = 0D77B82224B388B400CB28BA;
			productRefGroup = 0D77B82C24B388B500CB28BA /* Products */;
			projectDirPath = "";
			projectRoot = "";
			targets = (
				0D77B82A24B388B500CB28BA /* NewsApp */,
				0D77B84024B388B700CB28BA /* NewsAppTests */,
			);
		};
/* End PBXProject section */

/* Begin PBXResourcesBuildPhase section */
		0D77B82924B388B500CB28BA /* Resources */ = {
			isa = PBXResourcesBuildPhase;
			buildActionMask = 2147483647;
			files = (
				0D77B83B24B388B700CB28BA /* LaunchScreen.storyboard in Resources */,
				0D77B83824B388B700CB28BA /* Assets.xcassets in Resources */,
			);
			runOnlyForDeploymentPostprocessing = 0;
		};
		0D77B83F24B388B700CB28BA /* Resources */ = {
			isa = PBXResourcesBuildPhase;
			buildActionMask = 2147483647;
			files = (
			);
			runOnlyForDeploymentPostprocessing = 0;
		};
/* End PBXResourcesBuildPhase section */

/* Begin PBXSourcesBuildPhase section */
		0D77B82724B388B500CB28BA /* Sources */ = {
			isa = PBXSourcesBuildPhase;
			buildActionMask = 2147483647;
			files = (
				0D48450424C260ED0025F1FF /* UIView.swift in Sources */,
				0D77B86524B3F6EF00CB28BA /* DetailViewController.swift in Sources */,
				0D77B83324B388B500CB28BA /* MainViewController.swift in Sources */,
				0D77B85224B38E8D00CB28BA /* News+Article.swift in Sources */,
				0D15A00324C39EC100FF687F /* QuoteTableViewCell.swift in Sources */,
				0D77B85624B393A100CB28BA /* NewsTableViewCell.swift in Sources */,
				0D77B85924B3C14400CB28BA /* NewViewModel.swift in Sources */,
				0D77B82F24B388B500CB28BA /* AppDelegate.swift in Sources */,
				0D77B86824B3FC3C00CB28BA /* ViewController.swift in Sources */,
				0D77B85F24B3C4D500CB28BA /* DataServiceNews.swift in Sources */,
				0D77B85D24B3C22400CB28BA /* NewsViewModelType.swift in Sources */,
				0D77B83124B388B500CB28BA /* SceneDelegate.swift in Sources */,
				0D48450A24C26AE50025F1FF /* CustomYoNewsViewController.swift in Sources */,
				0D77B85B24B3C16400CB28BA /* Networking.swift in Sources */,
				0D48450C24C26B100025F1FF /* YoNewsNavigationController.swift in Sources */,
				0D77B86124B3D71D00CB28BA /* Box.swift in Sources */,
			);
			runOnlyForDeploymentPostprocessing = 0;
		};
		0D77B83D24B388B700CB28BA /* Sources */ = {
			isa = PBXSourcesBuildPhase;
			buildActionMask = 2147483647;
			files = (
				0D77B84624B388B700CB28BA /* NewsAppTests.swift in Sources */,
			);
			runOnlyForDeploymentPostprocessing = 0;
		};
/* End PBXSourcesBuildPhase section */

/* Begin PBXTargetDependency section */
		0D77B84324B388B700CB28BA /* PBXTargetDependency */ = {
			isa = PBXTargetDependency;
			target = 0D77B82A24B388B500CB28BA /* NewsApp */;
			targetProxy = 0D77B84224B388B700CB28BA /* PBXContainerItemProxy */;
		};
/* End PBXTargetDependency section */

/* Begin PBXVariantGroup section */
		0D77B83924B388B700CB28BA /* LaunchScreen.storyboard */ = {
			isa = PBXVariantGroup;
			children = (
				0D77B83A24B388B700CB28BA /* Base */,
			);
			name = LaunchScreen.storyboard;
			sourceTree = "<group>";
		};
/* End PBXVariantGroup section */

/* Begin XCBuildConfiguration section */
		0D77B84824B388B700CB28BA /* Debug */ = {
			isa = XCBuildConfiguration;
			buildSettings = {
				ALWAYS_SEARCH_USER_PATHS = NO;
				CLANG_ANALYZER_NONNULL = YES;
				CLANG_ANALYZER_NUMBER_OBJECT_CONVERSION = YES_AGGRESSIVE;
				CLANG_CXX_LANGUAGE_STANDARD = "gnu++14";
				CLANG_CXX_LIBRARY = "libc++";
				CLANG_ENABLE_MODULES = YES;
				CLANG_ENABLE_OBJC_ARC = YES;
				CLANG_ENABLE_OBJC_WEAK = YES;
				CLANG_WARN_BLOCK_CAPTURE_AUTORELEASING = YES;
				CLANG_WARN_BOOL_CONVERSION = YES;
				CLANG_WARN_COMMA = YES;
				CLANG_WARN_CONSTANT_CONVERSION = YES;
				CLANG_WARN_DEPRECATED_OBJC_IMPLEMENTATIONS = YES;
				CLANG_WARN_DIRECT_OBJC_ISA_USAGE = YES_ERROR;
				CLANG_WARN_DOCUMENTATION_COMMENTS = YES;
				CLANG_WARN_EMPTY_BODY = YES;
				CLANG_WARN_ENUM_CONVERSION = YES;
				CLANG_WARN_INFINITE_RECURSION = YES;
				CLANG_WARN_INT_CONVERSION = YES;
				CLANG_WARN_NON_LITERAL_NULL_CONVERSION = YES;
				CLANG_WARN_OBJC_IMPLICIT_RETAIN_SELF = YES;
				CLANG_WARN_OBJC_LITERAL_CONVERSION = YES;
				CLANG_WARN_OBJC_ROOT_CLASS = YES_ERROR;
				CLANG_WARN_RANGE_LOOP_ANALYSIS = YES;
				CLANG_WARN_STRICT_PROTOTYPES = YES;
				CLANG_WARN_SUSPICIOUS_MOVE = YES;
				CLANG_WARN_UNGUARDED_AVAILABILITY = YES_AGGRESSIVE;
				CLANG_WARN_UNREACHABLE_CODE = YES;
				CLANG_WARN__DUPLICATE_METHOD_MATCH = YES;
				COPY_PHASE_STRIP = NO;
				DEBUG_INFORMATION_FORMAT = dwarf;
				ENABLE_STRICT_OBJC_MSGSEND = YES;
				ENABLE_TESTABILITY = YES;
				GCC_C_LANGUAGE_STANDARD = gnu11;
				GCC_DYNAMIC_NO_PIC = NO;
				GCC_NO_COMMON_BLOCKS = YES;
				GCC_OPTIMIZATION_LEVEL = 0;
				GCC_PREPROCESSOR_DEFINITIONS = (
					"DEBUG=1",
					"$(inherited)",
				);
				GCC_WARN_64_TO_32_BIT_CONVERSION = YES;
				GCC_WARN_ABOUT_RETURN_TYPE = YES_ERROR;
				GCC_WARN_UNDECLARED_SELECTOR = YES;
				GCC_WARN_UNINITIALIZED_AUTOS = YES_AGGRESSIVE;
				GCC_WARN_UNUSED_FUNCTION = YES;
				GCC_WARN_UNUSED_VARIABLE = YES;
				IPHONEOS_DEPLOYMENT_TARGET = 13.5;
				MTL_ENABLE_DEBUG_INFO = INCLUDE_SOURCE;
				MTL_FAST_MATH = YES;
				ONLY_ACTIVE_ARCH = YES;
				SDKROOT = iphoneos;
				SWIFT_ACTIVE_COMPILATION_CONDITIONS = DEBUG;
				SWIFT_OPTIMIZATION_LEVEL = "-Onone";
			};
			name = Debug;
		};
		0D77B84924B388B700CB28BA /* Release */ = {
			isa = XCBuildConfiguration;
			buildSettings = {
				ALWAYS_SEARCH_USER_PATHS = NO;
				CLANG_ANALYZER_NONNULL = YES;
				CLANG_ANALYZER_NUMBER_OBJECT_CONVERSION = YES_AGGRESSIVE;
				CLANG_CXX_LANGUAGE_STANDARD = "gnu++14";
				CLANG_CXX_LIBRARY = "libc++";
				CLANG_ENABLE_MODULES = YES;
				CLANG_ENABLE_OBJC_ARC = YES;
				CLANG_ENABLE_OBJC_WEAK = YES;
				CLANG_WARN_BLOCK_CAPTURE_AUTORELEASING = YES;
				CLANG_WARN_BOOL_CONVERSION = YES;
				CLANG_WARN_COMMA = YES;
				CLANG_WARN_CONSTANT_CONVERSION = YES;
				CLANG_WARN_DEPRECATED_OBJC_IMPLEMENTATIONS = YES;
				CLANG_WARN_DIRECT_OBJC_ISA_USAGE = YES_ERROR;
				CLANG_WARN_DOCUMENTATION_COMMENTS = YES;
				CLANG_WARN_EMPTY_BODY = YES;
				CLANG_WARN_ENUM_CONVERSION = YES;
				CLANG_WARN_INFINITE_RECURSION = YES;
				CLANG_WARN_INT_CONVERSION = YES;
				CLANG_WARN_NON_LITERAL_NULL_CONVERSION = YES;
				CLANG_WARN_OBJC_IMPLICIT_RETAIN_SELF = YES;
				CLANG_WARN_OBJC_LITERAL_CONVERSION = YES;
				CLANG_WARN_OBJC_ROOT_CLASS = YES_ERROR;
				CLANG_WARN_RANGE_LOOP_ANALYSIS = YES;
				CLANG_WARN_STRICT_PROTOTYPES = YES;
				CLANG_WARN_SUSPICIOUS_MOVE = YES;
				CLANG_WARN_UNGUARDED_AVAILABILITY = YES_AGGRESSIVE;
				CLANG_WARN_UNREACHABLE_CODE = YES;
				CLANG_WARN__DUPLICATE_METHOD_MATCH = YES;
				COPY_PHASE_STRIP = NO;
				DEBUG_INFORMATION_FORMAT = "dwarf-with-dsym";
				ENABLE_NS_ASSERTIONS = NO;
				ENABLE_STRICT_OBJC_MSGSEND = YES;
				GCC_C_LANGUAGE_STANDARD = gnu11;
				GCC_NO_COMMON_BLOCKS = YES;
				GCC_WARN_64_TO_32_BIT_CONVERSION = YES;
				GCC_WARN_ABOUT_RETURN_TYPE = YES_ERROR;
				GCC_WARN_UNDECLARED_SELECTOR = YES;
				GCC_WARN_UNINITIALIZED_AUTOS = YES_AGGRESSIVE;
				GCC_WARN_UNUSED_FUNCTION = YES;
				GCC_WARN_UNUSED_VARIABLE = YES;
				IPHONEOS_DEPLOYMENT_TARGET = 13.5;
				MTL_ENABLE_DEBUG_INFO = NO;
				MTL_FAST_MATH = YES;
				SDKROOT = iphoneos;
				SWIFT_COMPILATION_MODE = wholemodule;
				SWIFT_OPTIMIZATION_LEVEL = "-O";
				VALIDATE_PRODUCT = YES;
			};
			name = Release;
		};
		0D77B84B24B388B700CB28BA /* Debug */ = {
			isa = XCBuildConfiguration;
			buildSettings = {
				ASSETCATALOG_COMPILER_APPICON_NAME = AppIcon;
				CODE_SIGN_STYLE = Automatic;
				DEVELOPMENT_TEAM = L4M78CKJZX;
				INFOPLIST_FILE = NewsApp/Info.plist;
				IPHONEOS_DEPLOYMENT_TARGET = 13.5;
				LD_RUNPATH_SEARCH_PATHS = (
					"$(inherited)",
					"@executable_path/Frameworks",
				);
				PRODUCT_BUNDLE_IDENTIFIER = com.amin.NewsApp;
				PRODUCT_NAME = "Yo!News";
				SWIFT_VERSION = 5.0;
				TARGETED_DEVICE_FAMILY = 1;
			};
			name = Debug;
		};
		0D77B84C24B388B700CB28BA /* Release */ = {
			isa = XCBuildConfiguration;
			buildSettings = {
				ASSETCATALOG_COMPILER_APPICON_NAME = AppIcon;
				CODE_SIGN_STYLE = Automatic;
				DEVELOPMENT_TEAM = L4M78CKJZX;
				INFOPLIST_FILE = NewsApp/Info.plist;
				IPHONEOS_DEPLOYMENT_TARGET = 13.5;
				LD_RUNPATH_SEARCH_PATHS = (
					"$(inherited)",
					"@executable_path/Frameworks",
				);
				PRODUCT_BUNDLE_IDENTIFIER = com.amin.NewsApp;
				PRODUCT_NAME = "Yo!News";
				SWIFT_VERSION = 5.0;
				TARGETED_DEVICE_FAMILY = 1;
			};
			name = Release;
		};
		0D77B84E24B388B700CB28BA /* Debug */ = {
			isa = XCBuildConfiguration;
			buildSettings = {
				ALWAYS_EMBED_SWIFT_STANDARD_LIBRARIES = YES;
				BUNDLE_LOADER = "$(TEST_HOST)";
				CODE_SIGN_STYLE = Automatic;
				DEVELOPMENT_TEAM = L4M78CKJZX;
				INFOPLIST_FILE = NewsAppTests/Info.plist;
				IPHONEOS_DEPLOYMENT_TARGET = 13.5;
				LD_RUNPATH_SEARCH_PATHS = (
					"$(inherited)",
					"@executable_path/Frameworks",
					"@loader_path/Frameworks",
				);
				PRODUCT_BUNDLE_IDENTIFIER = com.amin.NewsAppTests;
				PRODUCT_NAME = "$(TARGET_NAME)";
				SWIFT_VERSION = 5.0;
				TARGETED_DEVICE_FAMILY = "1,2";
				TEST_HOST = "$(BUILT_PRODUCTS_DIR)/NewsApp.app/NewsApp";
			};
			name = Debug;
		};
		0D77B84F24B388B700CB28BA /* Release */ = {
			isa = XCBuildConfiguration;
			buildSettings = {
				ALWAYS_EMBED_SWIFT_STANDARD_LIBRARIES = YES;
				BUNDLE_LOADER = "$(TEST_HOST)";
				CODE_SIGN_STYLE = Automatic;
				DEVELOPMENT_TEAM = L4M78CKJZX;
				INFOPLIST_FILE = NewsAppTests/Info.plist;
				IPHONEOS_DEPLOYMENT_TARGET = 13.5;
				LD_RUNPATH_SEARCH_PATHS = (
					"$(inherited)",
					"@executable_path/Frameworks",
					"@loader_path/Frameworks",
				);
				PRODUCT_BUNDLE_IDENTIFIER = com.amin.NewsAppTests;
				PRODUCT_NAME = "$(TARGET_NAME)";
				SWIFT_VERSION = 5.0;
				TARGETED_DEVICE_FAMILY = "1,2";
				TEST_HOST = "$(BUILT_PRODUCTS_DIR)/NewsApp.app/NewsApp";
			};
			name = Release;
		};
/* End XCBuildConfiguration section */

/* Begin XCConfigurationList section */
		0D77B82624B388B500CB28BA /* Build configuration list for PBXProject "NewsApp" */ = {
			isa = XCConfigurationList;
			buildConfigurations = (
				0D77B84824B388B700CB28BA /* Debug */,
				0D77B84924B388B700CB28BA /* Release */,
			);
			defaultConfigurationIsVisible = 0;
			defaultConfigurationName = Release;
		};
		0D77B84A24B388B700CB28BA /* Build configuration list for PBXNativeTarget "NewsApp" */ = {
			isa = XCConfigurationList;
			buildConfigurations = (
				0D77B84B24B388B700CB28BA /* Debug */,
				0D77B84C24B388B700CB28BA /* Release */,
			);
			defaultConfigurationIsVisible = 0;
			defaultConfigurationName = Release;
		};
		0D77B84D24B388B700CB28BA /* Build configuration list for PBXNativeTarget "NewsAppTests" */ = {
			isa = XCConfigurationList;
			buildConfigurations = (
				0D77B84E24B388B700CB28BA /* Debug */,
				0D77B84F24B388B700CB28BA /* Release */,
			);
			defaultConfigurationIsVisible = 0;
			defaultConfigurationName = Release;
		};
/* End XCConfigurationList section */
	};
	rootObject = 0D77B82324B388B500CB28BA /* Project object */;
}
